
Microsoft Visual Studio Solution File, Format Version 12.00
# Visual Studio 15
VisualStudioVersion = 15.0.27703.2026
MinimumVisualStudioVersion = 10.0.40219.1
Project("{FAE04EC0-301F-11D3-BF4B-00C04F79EFBC}") = "DefinitiefProgram", "DefinitiefProgram\DefinitiefProgram.csproj", "{3FED4441-D743-405D-AE45-77BC184E9DB5}"
EndProject
Project("{FAE04EC0-301F-11D3-BF4B-00C04F79EFBC}") = "Tools", "Tools\Tools.csproj", "{AF0A2889-D56A-42F2-A0D8-CB82003C5B62}"
EndProject
Global
	GlobalSection(SolutionConfigurationPlatforms) = preSolution
		Debug|Any CPU = Debug|Any CPU
		Release|Any CPU = Release|Any CPU
	EndGlobalSection
	GlobalSection(ProjectConfigurationPlatforms) = postSolution
		{3FED4441-D743-405D-AE45-77BC184E9DB5}.Debug|Any CPU.ActiveCfg = Debug|Any CPU
		{3FED4441-D743-405D-AE45-77BC184E9DB5}.Debug|Any CPU.Build.0 = Debug|Any CPU
		{3FED4441-D743-405D-AE45-77BC184E9DB5}.Release|Any CPU.ActiveCfg = Release|Any CPU
		{3FED4441-D743-405D-AE45-77BC184E9DB5}.Release|Any CPU.Build.0 = Release|Any CPU
		{AF0A2889-D56A-42F2-A0D8-CB82003C5B62}.Debug|Any CPU.ActiveCfg = Debug|Any CPU
		{AF0A2889-D56A-42F2-A0D8-CB82003C5B62}.Debug|Any CPU.Build.0 = Debug|Any CPU
		{AF0A2889-D56A-42F2-A0D8-CB82003C5B62}.Release|Any CPU.ActiveCfg = Release|Any CPU
		{AF0A2889-D56A-42F2-A0D8-CB82003C5B62}.Release|Any CPU.Build.0 = Release|Any CPU
	EndGlobalSection
	GlobalSection(SolutionProperties) = preSolution
		HideSolutionNode = FALSE
	EndGlobalSection
	GlobalSection(ExtensibilityGlobals) = postSolution
		SolutionGuid = {D8E17E71-35DA-445B-B4A4-1F08B9D5E19C}
	EndGlobalSection
EndGlobal
