
Microsoft Visual Studio Solution File, Format Version 12.00
# Visual Studio Version 16
VisualStudioVersion = 16.0.28803.352
MinimumVisualStudioVersion = 10.0.40219.1
Project("{FAE04EC0-301F-11D3-BF4B-00C04F79EFBC}") = "DefinitiefProgram", "DefinitiefProgram\DefinitiefProgram.csproj", "{3FED4441-D743-405D-AE45-77BC184E9DB5}"
EndProject
Project("{54435603-DBB4-11D2-8724-00A0C9A8B90C}") = "Setup", "..\Setup\Setup.vdproj", "{3F4433C2-B2B0-46BD-BC83-17865BC30E32}"
EndProject
Project("{FAE04EC0-301F-11D3-BF4B-00C04F79EFBC}") = "addLeerlingen", "..\addLeerlingen\addLeerlingen.csproj", "{B6EBA615-68B0-4B1D-ADC6-FEC1946372EB}"
EndProject
Global
	GlobalSection(SolutionConfigurationPlatforms) = preSolution
		Debug|Any CPU = Debug|Any CPU
		Release|Any CPU = Release|Any CPU
	EndGlobalSection
	GlobalSection(ProjectConfigurationPlatforms) = postSolution
		{3FED4441-D743-405D-AE45-77BC184E9DB5}.Debug|Any CPU.ActiveCfg = Debug|Any CPU
		{3FED4441-D743-405D-AE45-77BC184E9DB5}.Debug|Any CPU.Build.0 = Debug|Any CPU
		{3FED4441-D743-405D-AE45-77BC184E9DB5}.Release|Any CPU.ActiveCfg = Release|Any CPU
		{3FED4441-D743-405D-AE45-77BC184E9DB5}.Release|Any CPU.Build.0 = Release|Any CPU
		{3F4433C2-B2B0-46BD-BC83-17865BC30E32}.Debug|Any CPU.ActiveCfg = Debug
		{3F4433C2-B2B0-46BD-BC83-17865BC30E32}.Release|Any CPU.ActiveCfg = Release
		{B6EBA615-68B0-4B1D-ADC6-FEC1946372EB}.Debug|Any CPU.ActiveCfg = Debug|Any CPU
		{B6EBA615-68B0-4B1D-ADC6-FEC1946372EB}.Debug|Any CPU.Build.0 = Debug|Any CPU
		{B6EBA615-68B0-4B1D-ADC6-FEC1946372EB}.Release|Any CPU.ActiveCfg = Release|Any CPU
		{B6EBA615-68B0-4B1D-ADC6-FEC1946372EB}.Release|Any CPU.Build.0 = Release|Any CPU
	EndGlobalSection
	GlobalSection(SolutionProperties) = preSolution
		HideSolutionNode = FALSE
	EndGlobalSection
	GlobalSection(ExtensibilityGlobals) = postSolution
		SolutionGuid = {D8E17E71-35DA-445B-B4A4-1F08B9D5E19C}
	EndGlobalSection
EndGlobal
